
Microsoft Visual Studio Solution File, Format Version 12.00
# Visual Studio 15
VisualStudioVersion = 15.0.27004.2002
MinimumVisualStudioVersion = 10.0.40219.1
Project("{FAE04EC0-301F-11D3-BF4B-00C04F79EFBC}") = "Common", "Common\Common.csproj", "{5F0541D8-213D-4503-80D1-C99E6E86C752}"
EndProject
Project("{FAE04EC0-301F-11D3-BF4B-00C04F79EFBC}") = "Factories", "Factories\Factories.csproj", "{F3F284EF-94C5-4BB3-BA28-A56034CF8B5D}"
EndProject
Global
	GlobalSection(SolutionConfigurationPlatforms) = preSolution
		Debug|Any CPU = Debug|Any CPU
		Release|Any CPU = Release|Any CPU
	EndGlobalSection
	GlobalSection(ProjectConfigurationPlatforms) = postSolution
		{5F0541D8-213D-4503-80D1-C99E6E86C752}.Debug|Any CPU.ActiveCfg = Debug|Any CPU
		{5F0541D8-213D-4503-80D1-C99E6E86C752}.Debug|Any CPU.Build.0 = Debug|Any CPU
		{5F0541D8-213D-4503-80D1-C99E6E86C752}.Release|Any CPU.ActiveCfg = Release|Any CPU
		{5F0541D8-213D-4503-80D1-C99E6E86C752}.Release|Any CPU.Build.0 = Release|Any CPU
		{F3F284EF-94C5-4BB3-BA28-A56034CF8B5D}.Debug|Any CPU.ActiveCfg = Debug|Any CPU
		{F3F284EF-94C5-4BB3-BA28-A56034CF8B5D}.Debug|Any CPU.Build.0 = Debug|Any CPU
		{F3F284EF-94C5-4BB3-BA28-A56034CF8B5D}.Release|Any CPU.ActiveCfg = Release|Any CPU
		{F3F284EF-94C5-4BB3-BA28-A56034CF8B5D}.Release|Any CPU.Build.0 = Release|Any CPU
	EndGlobalSection
	GlobalSection(SolutionProperties) = preSolution
		HideSolutionNode = FALSE
	EndGlobalSection
	GlobalSection(ExtensibilityGlobals) = postSolution
		SolutionGuid = {441561D4-C343-4841-931B-7C54D75E04C0}
	EndGlobalSection
EndGlobal
